<?xml version="1.0" encoding="utf-8"?>
<Project ToolsVersion="4.0" xmlns="http://schemas.microsoft.com/developer/msbuild/2003">
  <ItemGroup>
    <Filter Include="头文件">
      <UniqueIdentifier>{93995380-89BD-4b04-88EB-625FBE52EBFB}</UniqueIdentifier>
      <Extensions>h;hh;hpp;hxx;h++;hm;inl;inc;ipp;xsd</Extensions>
    </Filter>
    <Filter Include="资源文件">
      <UniqueIdentifier>{67DA6AB6-F800-4c08-8B7A-83BB121AAD01}</UniqueIdentifier>
      <Extensions>rc;ico;cur;bmp;dlg;rc2;rct;bin;rgs;gif;jpg;jpeg;jpe;resx;tiff;tif;png;wav;mfcribbon-ms</Extensions>
    </Filter>
    <Filter Include="11-20">
      <UniqueIdentifier>{b89314c9-d4b0-4479-9df6-912c8e98b645}</UniqueIdentifier>
    </Filter>
    <Filter Include="1-10">
      <UniqueIdentifier>{4FC737F1-C7A5-4376-A066-2A32D752A2FF}</UniqueIdentifier>
      <Extensions>cpp;c;cc;cxx;c++;cppm;ixx;def;odl;idl;hpj;bat;asm;asmx</Extensions>
    </Filter>
    <Filter Include="21-30">
      <UniqueIdentifier>{dfa4a8c7-723d-4d69-9916-f3a8dbec0afc}</UniqueIdentifier>
    </Filter>
    <Filter Include="31-40">
      <UniqueIdentifier>{4e642cdd-2976-4832-8bec-eea8d85c549d}</UniqueIdentifier>
    </Filter>
    <Filter Include="41-50">
      <UniqueIdentifier>{b4ce99e2-a261-47b4-9d80-3655ccd0dd67}</UniqueIdentifier>
    </Filter>
    <Filter Include="51-60">
      <UniqueIdentifier>{5239a763-5ca7-4a72-83d1-a657c5a1f1ac}</UniqueIdentifier>
    </Filter>
    <Filter Include="61-70">
      <UniqueIdentifier>{b0c32266-6715-400d-96a0-7f6f64952cbc}</UniqueIdentifier>
    </Filter>
    <Filter Include="71-80">
      <UniqueIdentifier>{bf1b8e01-7332-491a-bd7a-aebcdfb990b7}</UniqueIdentifier>
    </Filter>
    <Filter Include="81-90">
      <UniqueIdentifier>{c04b3a38-3110-4d8a-8ebd-83602303af68}</UniqueIdentifier>
    </Filter>
    <Filter Include="91-100">
      <UniqueIdentifier>{77574970-5fb9-40a0-be69-3e3a4dd149af}</UniqueIdentifier>
    </Filter>
  </ItemGroup>
  <ItemGroup>
    <ClCompile Include="01.c">
      <Filter>1-10</Filter>
    </ClCompile>
    <ClCompile Include="02.c">
      <Filter>1-10</Filter>
    </ClCompile>
    <ClCompile Include="03.c">
      <Filter>1-10</Filter>
    </ClCompile>
    <ClCompile Include="04.c">
      <Filter>1-10</Filter>
    </ClCompile>
    <ClCompile Include="05.c">
      <Filter>1-10</Filter>
    </ClCompile>
    <ClCompile Include="06.c">
      <Filter>1-10</Filter>
    </ClCompile>
    <ClCompile Include="07.c">
      <Filter>1-10</Filter>
    </ClCompile>
    <ClCompile Include="08.c">
      <Filter>1-10</Filter>
    </ClCompile>
    <ClCompile Include="09.c">
      <Filter>1-10</Filter>
    </ClCompile>
    <ClCompile Include="10.c">
      <Filter>1-10</Filter>
    </ClCompile>
    <ClCompile Include="11.c">
      <Filter>11-20</Filter>
    </ClCompile>
    <ClCompile Include="12.c">
      <Filter>11-20</Filter>
    </ClCompile>
    <ClCompile Include="13.c">
      <Filter>11-20</Filter>
    </ClCompile>
    <ClCompile Include="14.c">
      <Filter>11-20</Filter>
    </ClCompile>
    <ClCompile Include="15.c">
      <Filter>11-20</Filter>
    </ClCompile>
    <ClCompile Include="16.c">
      <Filter>11-20</Filter>
    </ClCompile>
    <ClCompile Include="17.c">
      <Filter>11-20</Filter>
    </ClCompile>
    <ClCompile Include="18.c">
      <Filter>11-20</Filter>
    </ClCompile>
    <ClCompile Include="19.c">
      <Filter>11-20</Filter>
    </ClCompile>
    <ClCompile Include="20.c">
      <Filter>11-20</Filter>
    </ClCompile>
    <ClCompile Include="21.c">
      <Filter>21-30</Filter>
    </ClCompile>
    <ClCompile Include="22.c">
      <Filter>21-30</Filter>
    </ClCompile>
    <ClCompile Include="23.c">
      <Filter>21-30</Filter>
    </ClCompile>
    <ClCompile Include="24.c">
      <Filter>21-30</Filter>
    </ClCompile>
    <ClCompile Include="25.c">
      <Filter>21-30</Filter>
    </ClCompile>
    <ClCompile Include="26.c">
      <Filter>21-30</Filter>
    </ClCompile>
    <ClCompile Include="27.c">
      <Filter>21-30</Filter>
    </ClCompile>
  </ItemGroup>
</Project>